
Microsoft Visual Studio Solution File, Format Version 12.00
# Visual Studio Version 17
VisualStudioVersion = 17.5.002.0
MinimumVisualStudioVersion = 10.0.40219.1
Project("{9A19103F-16F7-4668-BE54-9A1E7A4F7556}") = "Autenticacao", "Autenticacao.csproj", "{63A750DC-68B7-4124-A0A1-59A1ABDB0169}"
EndProject
Global
	GlobalSection(SolutionConfigurationPlatforms) = preSolution
		Debug|Any CPU = Debug|Any CPU
		Release|Any CPU = Release|Any CPU
	EndGlobalSection
	GlobalSection(ProjectConfigurationPlatforms) = postSolution
		{63A750DC-68B7-4124-A0A1-59A1ABDB0169}.Debug|Any CPU.ActiveCfg = Debug|Any CPU
		{63A750DC-68B7-4124-A0A1-59A1ABDB0169}.Debug|Any CPU.Build.0 = Debug|Any CPU
		{63A750DC-68B7-4124-A0A1-59A1ABDB0169}.Release|Any CPU.ActiveCfg = Release|Any CPU
		{63A750DC-68B7-4124-A0A1-59A1ABDB0169}.Release|Any CPU.Build.0 = Release|Any CPU
	EndGlobalSection
	GlobalSection(SolutionProperties) = preSolution
		HideSolutionNode = FALSE
	EndGlobalSection
	GlobalSection(ExtensibilityGlobals) = postSolution
		SolutionGuid = {DA50E49E-5D3F-483B-8062-6CAF52CDED07}
	EndGlobalSection
EndGlobal
